// !$*UTF8*$!
{
	archiveVersion = 1;
	classes = {
	};
	objectVersion = 48;
	objects = {

/* Begin PBXBuildFile section */
		0138FC692027D8E200BC421C /* RouterError.m in Sources */ = {isa = PBXBuildFile; fileRef = 0138FC642027D8E200BC421C /* RouterError.m */; };
		0138FC6A2027D8E200BC421C /* RouterData.plist in Resources */ = {isa = PBXBuildFile; fileRef = 0138FC662027D8E200BC421C /* RouterData.plist */; };
		0138FC6B2027D8E200BC421C /* MTRouter.m in Sources */ = {isa = PBXBuildFile; fileRef = 0138FC682027D8E200BC421C /* MTRouter.m */; };
		014016F72043B44000F7379B /* ViewController3.m in Sources */ = {isa = PBXBuildFile; fileRef = 014016F62043B44000F7379B /* ViewController3.m */; };
		01F4971C2022D9DF003982E7 /* AppDelegate.m in Sources */ = {isa = PBXBuildFile; fileRef = 01F4971B2022D9DF003982E7 /* AppDelegate.m */; };
		01F4971F2022D9DF003982E7 /* ViewController.m in Sources */ = {isa = PBXBuildFile; fileRef = 01F4971E2022D9DF003982E7 /* ViewController.m */; };
		01F497222022D9DF003982E7 /* Main.storyboard in Resources */ = {isa = PBXBuildFile; fileRef = 01F497202022D9DF003982E7 /* Main.storyboard */; };
		01F497242022D9DF003982E7 /* Assets.xcassets in Resources */ = {isa = PBXBuildFile; fileRef = 01F497232022D9DF003982E7 /* Assets.xcassets */; };
		01F497272022D9DF003982E7 /* LaunchScreen.storyboard in Resources */ = {isa = PBXBuildFile; fileRef = 01F497252022D9DF003982E7 /* LaunchScreen.storyboard */; };
		01F4972A2022D9DF003982E7 /* main.m in Sources */ = {isa = PBXBuildFile; fileRef = 01F497292022D9DF003982E7 /* main.m */; };
		01F497342022D9DF003982E7 /* MTRouterDemoTests.m in Sources */ = {isa = PBXBuildFile; fileRef = 01F497332022D9DF003982E7 /* MTRouterDemoTests.m */; };
		01F4973F2022D9DF003982E7 /* MTRouterDemoUITests.m in Sources */ = {isa = PBXBuildFile; fileRef = 01F4973E2022D9DF003982E7 /* MTRouterDemoUITests.m */; };
		01F497692023E9A4003982E7 /* viewcontroller1.m in Sources */ = {isa = PBXBuildFile; fileRef = 01F497632023E9A3003982E7 /* viewcontroller1.m */; };
		01F4976A2023E9A4003982E7 /* webView.m in Sources */ = {isa = PBXBuildFile; fileRef = 01F497662023E9A3003982E7 /* webView.m */; };
		01F4976B2023E9A4003982E7 /* viewcontroller2.m in Sources */ = {isa = PBXBuildFile; fileRef = 01F497682023E9A3003982E7 /* viewcontroller2.m */; };
/* End PBXBuildFile section */

/* Begin PBXContainerItemProxy section */
		01F497302022D9DF003982E7 /* PBXContainerItemProxy */ = {
			isa = PBXContainerItemProxy;
			containerPortal = 01F4970F2022D9DF003982E7 /* Project object */;
			proxyType = 1;
			remoteGlobalIDString = 01F497162022D9DF003982E7;
			remoteInfo = MTRouterDemo;
		};
		01F4973B2022D9DF003982E7 /* PBXContainerItemProxy */ = {
			isa = PBXContainerItemProxy;
			containerPortal = 01F4970F2022D9DF003982E7 /* Project object */;
			proxyType = 1;
			remoteGlobalIDString = 01F497162022D9DF003982E7;
			remoteInfo = MTRouterDemo;
		};
/* End PBXContainerItemProxy section */

/* Begin PBXFileReference section */
		0138FC642027D8E200BC421C /* RouterError.m */ = {isa = PBXFileReference; fileEncoding = 4; lastKnownFileType = sourcecode.c.objc; path = RouterError.m; sourceTree = "<group>"; };
		0138FC652027D8E200BC421C /* MTRouter.h */ = {isa = PBXFileReference; fileEncoding = 4; lastKnownFileType = sourcecode.c.h; path = MTRouter.h; sourceTree = "<group>"; };
		0138FC662027D8E200BC421C /* RouterData.plist */ = {isa = PBXFileReference; fileEncoding = 4; lastKnownFileType = text.plist.xml; path = RouterData.plist; sourceTree = "<group>"; };
		0138FC672027D8E200BC421C /* RouterError.h */ = {isa = PBXFileReference; fileEncoding = 4; lastKnownFileType = sourcecode.c.h; path = RouterError.h; sourceTree = "<group>"; };
		0138FC682027D8E200BC421C /* MTRouter.m */ = {isa = PBXFileReference; fileEncoding = 4; lastKnownFileType = sourcecode.c.objc; path = MTRouter.m; sourceTree = "<group>"; };
		014016F52043B44000F7379B /* ViewController3.h */ = {isa = PBXFileReference; lastKnownFileType = sourcecode.c.h; path = ViewController3.h; sourceTree = "<group>"; };
		014016F62043B44000F7379B /* ViewController3.m */ = {isa = PBXFileReference; lastKnownFileType = sourcecode.c.objc; path = ViewController3.m; sourceTree = "<group>"; };
		01F497172022D9DF003982E7 /* MTRouterDemo.app */ = {isa = PBXFileReference; explicitFileType = wrapper.application; includeInIndex = 0; path = MTRouterDemo.app; sourceTree = BUILT_PRODUCTS_DIR; };
		01F4971A2022D9DF003982E7 /* AppDelegate.h */ = {isa = PBXFileReference; lastKnownFileType = sourcecode.c.h; path = AppDelegate.h; sourceTree = "<group>"; };
		01F4971B2022D9DF003982E7 /* AppDelegate.m */ = {isa = PBXFileReference; lastKnownFileType = sourcecode.c.objc; path = AppDelegate.m; sourceTree = "<group>"; };
		01F4971D2022D9DF003982E7 /* ViewController.h */ = {isa = PBXFileReference; lastKnownFileType = sourcecode.c.h; path = ViewController.h; sourceTree = "<group>"; };
		01F4971E2022D9DF003982E7 /* ViewController.m */ = {isa = PBXFileReference; lastKnownFileType = sourcecode.c.objc; path = ViewController.m; sourceTree = "<group>"; };
		01F497212022D9DF003982E7 /* Base */ = {isa = PBXFileReference; lastKnownFileType = file.storyboard; name = Base; path = Base.lproj/Main.storyboard; sourceTree = "<group>"; };
		01F497232022D9DF003982E7 /* Assets.xcassets */ = {isa = PBXFileReference; lastKnownFileType = folder.assetcatalog; path = Assets.xcassets; sourceTree = "<group>"; };
		01F497262022D9DF003982E7 /* Base */ = {isa = PBXFileReference; lastKnownFileType = file.storyboard; name = Base; path = Base.lproj/LaunchScreen.storyboard; sourceTree = "<group>"; };
		01F497282022D9DF003982E7 /* Info.plist */ = {isa = PBXFileReference; lastKnownFileType = text.plist.xml; path = Info.plist; sourceTree = "<group>"; };
		01F497292022D9DF003982E7 /* main.m */ = {isa = PBXFileReference; lastKnownFileType = sourcecode.c.objc; path = main.m; sourceTree = "<group>"; };
		01F4972F2022D9DF003982E7 /* MTRouterDemoTests.xctest */ = {isa = PBXFileReference; explicitFileType = wrapper.cfbundle; includeInIndex = 0; path = MTRouterDemoTests.xctest; sourceTree = BUILT_PRODUCTS_DIR; };
		01F497332022D9DF003982E7 /* MTRouterDemoTests.m */ = {isa = PBXFileReference; lastKnownFileType = sourcecode.c.objc; path = MTRouterDemoTests.m; sourceTree = "<group>"; };
		01F497352022D9DF003982E7 /* Info.plist */ = {isa = PBXFileReference; lastKnownFileType = text.plist.xml; path = Info.plist; sourceTree = "<group>"; };
		01F4973A2022D9DF003982E7 /* MTRouterDemoUITests.xctest */ = {isa = PBXFileReference; explicitFileType = wrapper.cfbundle; includeInIndex = 0; path = MTRouterDemoUITests.xctest; sourceTree = BUILT_PRODUCTS_DIR; };
		01F4973E2022D9DF003982E7 /* MTRouterDemoUITests.m */ = {isa = PBXFileReference; lastKnownFileType = sourcecode.c.objc; path = MTRouterDemoUITests.m; sourceTree = "<group>"; };
		01F497402022D9DF003982E7 /* Info.plist */ = {isa = PBXFileReference; lastKnownFileType = text.plist.xml; path = Info.plist; sourceTree = "<group>"; };
		01F497632023E9A3003982E7 /* viewcontroller1.m */ = {isa = PBXFileReference; fileEncoding = 4; lastKnownFileType = sourcecode.c.objc; path = viewcontroller1.m; sourceTree = "<group>"; };
		01F497642023E9A3003982E7 /* viewcontroller2.h */ = {isa = PBXFileReference; fileEncoding = 4; lastKnownFileType = sourcecode.c.h; path = viewcontroller2.h; sourceTree = "<group>"; };
		01F497652023E9A3003982E7 /* webView.h */ = {isa = PBXFileReference; fileEncoding = 4; lastKnownFileType = sourcecode.c.h; path = webView.h; sourceTree = "<group>"; };
		01F497662023E9A3003982E7 /* webView.m */ = {isa = PBXFileReference; fileEncoding = 4; lastKnownFileType = sourcecode.c.objc; path = webView.m; sourceTree = "<group>"; };
		01F497672023E9A3003982E7 /* viewcontroller1.h */ = {isa = PBXFileReference; fileEncoding = 4; lastKnownFileType = sourcecode.c.h; path = viewcontroller1.h; sourceTree = "<group>"; };
		01F497682023E9A3003982E7 /* viewcontroller2.m */ = {isa = PBXFileReference; fileEncoding = 4; lastKnownFileType = sourcecode.c.objc; path = viewcontroller2.m; sourceTree = "<group>"; };
/* End PBXFileReference section */

/* Begin PBXFrameworksBuildPhase section */
		01F497142022D9DF003982E7 /* Frameworks */ = {
			isa = PBXFrameworksBuildPhase;
			buildActionMask = 2147483647;
			files = (
			);
			runOnlyForDeploymentPostprocessing = 0;
		};
		01F4972C2022D9DF003982E7 /* Frameworks */ = {
			isa = PBXFrameworksBuildPhase;
			buildActionMask = 2147483647;
			files = (
			);
			runOnlyForDeploymentPostprocessing = 0;
		};
		01F497372022D9DF003982E7 /* Frameworks */ = {
			isa = PBXFrameworksBuildPhase;
			buildActionMask = 2147483647;
			files = (
			);
			runOnlyForDeploymentPostprocessing = 0;
		};
/* End PBXFrameworksBuildPhase section */

/* Begin PBXGroup section */
		0138FC632027D8E200BC421C /* MTRouter */ = {
			isa = PBXGroup;
			children = (
				0138FC662027D8E200BC421C /* RouterData.plist */,
				0138FC672027D8E200BC421C /* RouterError.h */,
				0138FC642027D8E200BC421C /* RouterError.m */,
				0138FC652027D8E200BC421C /* MTRouter.h */,
				0138FC682027D8E200BC421C /* MTRouter.m */,
			);
			path = MTRouter;
			sourceTree = "<group>";
		};
		01F4970E2022D9DF003982E7 = {
			isa = PBXGroup;
			children = (
				01F497192022D9DF003982E7 /* MTRouterDemo */,
				01F497322022D9DF003982E7 /* MTRouterDemoTests */,
				01F4973D2022D9DF003982E7 /* MTRouterDemoUITests */,
				01F497182022D9DF003982E7 /* Products */,
			);
			sourceTree = "<group>";
		};
		01F497182022D9DF003982E7 /* Products */ = {
			isa = PBXGroup;
			children = (
				01F497172022D9DF003982E7 /* MTRouterDemo.app */,
				01F4972F2022D9DF003982E7 /* MTRouterDemoTests.xctest */,
				01F4973A2022D9DF003982E7 /* MTRouterDemoUITests.xctest */,
			);
			name = Products;
			sourceTree = "<group>";
		};
		01F497192022D9DF003982E7 /* MTRouterDemo */ = {
			isa = PBXGroup;
			children = (
				0138FC632027D8E200BC421C /* MTRouter */,
				01F497672023E9A3003982E7 /* viewcontroller1.h */,
				01F497632023E9A3003982E7 /* viewcontroller1.m */,
				01F497642023E9A3003982E7 /* viewcontroller2.h */,
				01F497682023E9A3003982E7 /* viewcontroller2.m */,
				014016F52043B44000F7379B /* ViewController3.h */,
				014016F62043B44000F7379B /* ViewController3.m */,
				01F497652023E9A3003982E7 /* webView.h */,
				01F497662023E9A3003982E7 /* webView.m */,
				01F4971A2022D9DF003982E7 /* AppDelegate.h */,
				01F4971B2022D9DF003982E7 /* AppDelegate.m */,
				01F4971D2022D9DF003982E7 /* ViewController.h */,
				01F4971E2022D9DF003982E7 /* ViewController.m */,
				01F497202022D9DF003982E7 /* Main.storyboard */,
				01F497232022D9DF003982E7 /* Assets.xcassets */,
				01F497252022D9DF003982E7 /* LaunchScreen.storyboard */,
				01F497282022D9DF003982E7 /* Info.plist */,
				01F497292022D9DF003982E7 /* main.m */,
			);
			path = MTRouterDemo;
			sourceTree = "<group>";
		};
		01F497322022D9DF003982E7 /* MTRouterDemoTests */ = {
			isa = PBXGroup;
			children = (
				01F497332022D9DF003982E7 /* MTRouterDemoTests.m */,
				01F497352022D9DF003982E7 /* Info.plist */,
			);
			path = MTRouterDemoTests;
			sourceTree = "<group>";
		};
		01F4973D2022D9DF003982E7 /* MTRouterDemoUITests */ = {
			isa = PBXGroup;
			children = (
				01F4973E2022D9DF003982E7 /* MTRouterDemoUITests.m */,
				01F497402022D9DF003982E7 /* Info.plist */,
			);
			path = MTRouterDemoUITests;
			sourceTree = "<group>";
		};
/* End PBXGroup section */

/* Begin PBXNativeTarget section */
		01F497162022D9DF003982E7 /* MTRouterDemo */ = {
			isa = PBXNativeTarget;
			buildConfigurationList = 01F497432022D9E0003982E7 /* Build configuration list for PBXNativeTarget "MTRouterDemo" */;
			buildPhases = (
				01F497132022D9DF003982E7 /* Sources */,
				01F497142022D9DF003982E7 /* Frameworks */,
				01F497152022D9DF003982E7 /* Resources */,
			);
			buildRules = (
			);
			dependencies = (
			);
			name = MTRouterDemo;
			productName = MTRouterDemo;
			productReference = 01F497172022D9DF003982E7 /* MTRouterDemo.app */;
			productType = "com.apple.product-type.application";
		};
		01F4972E2022D9DF003982E7 /* MTRouterDemoTests */ = {
			isa = PBXNativeTarget;
			buildConfigurationList = 01F497462022D9E0003982E7 /* Build configuration list for PBXNativeTarget "MTRouterDemoTests" */;
			buildPhases = (
				01F4972B2022D9DF003982E7 /* Sources */,
				01F4972C2022D9DF003982E7 /* Frameworks */,
				01F4972D2022D9DF003982E7 /* Resources */,
			);
			buildRules = (
			);
			dependencies = (
				01F497312022D9DF003982E7 /* PBXTargetDependency */,
			);
			name = MTRouterDemoTests;
			productName = MTRouterDemoTests;
			productReference = 01F4972F2022D9DF003982E7 /* MTRouterDemoTests.xctest */;
			productType = "com.apple.product-type.bundle.unit-test";
		};
		01F497392022D9DF003982E7 /* MTRouterDemoUITests */ = {
			isa = PBXNativeTarget;
			buildConfigurationList = 01F497492022D9E0003982E7 /* Build configuration list for PBXNativeTarget "MTRouterDemoUITests" */;
			buildPhases = (
				01F497362022D9DF003982E7 /* Sources */,
				01F497372022D9DF003982E7 /* Frameworks */,
				01F497382022D9DF003982E7 /* Resources */,
			);
			buildRules = (
			);
			dependencies = (
				01F4973C2022D9DF003982E7 /* PBXTargetDependency */,
			);
			name = MTRouterDemoUITests;
			productName = MTRouterDemoUITests;
			productReference = 01F4973A2022D9DF003982E7 /* MTRouterDemoUITests.xctest */;
			productType = "com.apple.product-type.bundle.ui-testing";
		};
/* End PBXNativeTarget section */

/* Begin PBXProject section */
		01F4970F2022D9DF003982E7 /* Project object */ = {
			isa = PBXProject;
			attributes = {
				LastUpgradeCheck = 0920;
				ORGANIZATIONNAME = "董徐维";
				TargetAttributes = {
					01F497162022D9DF003982E7 = {
						CreatedOnToolsVersion = 9.2;
						ProvisioningStyle = Automatic;
					};
					01F4972E2022D9DF003982E7 = {
						CreatedOnToolsVersion = 9.2;
						ProvisioningStyle = Automatic;
						TestTargetID = 01F497162022D9DF003982E7;
					};
					01F497392022D9DF003982E7 = {
						CreatedOnToolsVersion = 9.2;
						ProvisioningStyle = Automatic;
						TestTargetID = 01F497162022D9DF003982E7;
					};
				};
			};
			buildConfigurationList = 01F497122022D9DF003982E7 /* Build configuration list for PBXProject "MTRouterDemo" */;
			compatibilityVersion = "Xcode 8.0";
			developmentRegion = en;
			hasScannedForEncodings = 0;
			knownRegions = (
				en,
				Base,
			);
			mainGroup = 01F4970E2022D9DF003982E7;
			productRefGroup = 01F497182022D9DF003982E7 /* Products */;
			projectDirPath = "";
			projectRoot = "";
			targets = (
				01F497162022D9DF003982E7 /* MTRouterDemo */,
				01F4972E2022D9DF003982E7 /* MTRouterDemoTests */,
				01F497392022D9DF003982E7 /* MTRouterDemoUITests */,
			);
		};
/* End PBXProject section */

/* Begin PBXResourcesBuildPhase section */
		01F497152022D9DF003982E7 /* Resources */ = {
			isa = PBXResourcesBuildPhase;
			buildActionMask = 2147483647;
			files = (
				01F497272022D9DF003982E7 /* LaunchScreen.storyboard in Resources */,
				0138FC6A2027D8E200BC421C /* RouterData.plist in Resources */,
				01F497242022D9DF003982E7 /* Assets.xcassets in Resources */,
				01F497222022D9DF003982E7 /* Main.storyboard in Resources */,
			);
			runOnlyForDeploymentPostprocessing = 0;
		};
		01F4972D2022D9DF003982E7 /* Resources */ = {
			isa = PBXResourcesBuildPhase;
			buildActionMask = 2147483647;
			files = (
			);
			runOnlyForDeploymentPostprocessing = 0;
		};
		01F497382022D9DF003982E7 /* Resources */ = {
			isa = PBXResourcesBuildPhase;
			buildActionMask = 2147483647;
			files = (
			);
			runOnlyForDeploymentPostprocessing = 0;
		};
/* End PBXResourcesBuildPhase section */

/* Begin PBXSourcesBuildPhase section */
		01F497132022D9DF003982E7 /* Sources */ = {
			isa = PBXSourcesBuildPhase;
			buildActionMask = 2147483647;
			files = (
				01F4971F2022D9DF003982E7 /* ViewController.m in Sources */,
				01F497692023E9A4003982E7 /* viewcontroller1.m in Sources */,
				014016F72043B44000F7379B /* ViewController3.m in Sources */,
				01F4976B2023E9A4003982E7 /* viewcontroller2.m in Sources */,
				01F4972A2022D9DF003982E7 /* main.m in Sources */,
				0138FC692027D8E200BC421C /* RouterError.m in Sources */,
				01F4976A2023E9A4003982E7 /* webView.m in Sources */,
				01F4971C2022D9DF003982E7 /* AppDelegate.m in Sources */,
				0138FC6B2027D8E200BC421C /* MTRouter.m in Sources */,
			);
			runOnlyForDeploymentPostprocessing = 0;
		};
		01F4972B2022D9DF003982E7 /* Sources */ = {
			isa = PBXSourcesBuildPhase;
			buildActionMask = 2147483647;
			files = (
				01F497342022D9DF003982E7 /* MTRouterDemoTests.m in Sources */,
			);
			runOnlyForDeploymentPostprocessing = 0;
		};
		01F497362022D9DF003982E7 /* Sources */ = {
			isa = PBXSourcesBuildPhase;
			buildActionMask = 2147483647;
			files = (
				01F4973F2022D9DF003982E7 /* MTRouterDemoUITests.m in Sources */,
			);
			runOnlyForDeploymentPostprocessing = 0;
		};
/* End PBXSourcesBuildPhase section */

/* Begin PBXTargetDependency section */
		01F497312022D9DF003982E7 /* PBXTargetDependency */ = {
			isa = PBXTargetDependency;
			target = 01F497162022D9DF003982E7 /* MTRouterDemo */;
			targetProxy = 01F497302022D9DF003982E7 /* PBXContainerItemProxy */;
		};
		01F4973C2022D9DF003982E7 /* PBXTargetDependency */ = {
			isa = PBXTargetDependency;
			target = 01F497162022D9DF003982E7 /* MTRouterDemo */;
			targetProxy = 01F4973B2022D9DF003982E7 /* PBXContainerItemProxy */;
		};
/* End PBXTargetDependency section */

/* Begin PBXVariantGroup section */
		01F497202022D9DF003982E7 /* Main.storyboard */ = {
			isa = PBXVariantGroup;
			children = (
				01F497212022D9DF003982E7 /* Base */,
			);
			name = Main.storyboard;
			sourceTree = "<group>";
		};
		01F497252022D9DF003982E7 /* LaunchScreen.storyboard */ = {
			isa = PBXVariantGroup;
			children = (
				01F497262022D9DF003982E7 /* Base */,
			);
			name = LaunchScreen.storyboard;
			sourceTree = "<group>";
		};
/* End PBXVariantGroup section */

/* Begin XCBuildConfiguration section */
		01F497412022D9DF003982E7 /* Debug */ = {
			isa = XCBuildConfiguration;
			buildSettings = {
				ALWAYS_SEARCH_USER_PATHS = NO;
				CLANG_ANALYZER_NONNULL = YES;
				CLANG_ANALYZER_NUMBER_OBJECT_CONVERSION = YES_AGGRESSIVE;
				CLANG_CXX_LANGUAGE_STANDARD = "gnu++14";
				CLANG_CXX_LIBRARY = "libc++";
				CLANG_ENABLE_MODULES = YES;
				CLANG_ENABLE_OBJC_ARC = YES;
				CLANG_WARN_BLOCK_CAPTURE_AUTORELEASING = YES;
				CLANG_WARN_BOOL_CONVERSION = YES;
				CLANG_WARN_COMMA = YES;
				CLANG_WARN_CONSTANT_CONVERSION = YES;
				CLANG_WARN_DIRECT_OBJC_ISA_USAGE = YES_ERROR;
				CLANG_WARN_DOCUMENTATION_COMMENTS = YES;
				CLANG_WARN_EMPTY_BODY = YES;
				CLANG_WARN_ENUM_CONVERSION = YES;
				CLANG_WARN_INFINITE_RECURSION = YES;
				CLANG_WARN_INT_CONVERSION = YES;
				CLANG_WARN_NON_LITERAL_NULL_CONVERSION = YES;
				CLANG_WARN_OBJC_LITERAL_CONVERSION = YES;
				CLANG_WARN_OBJC_ROOT_CLASS = YES_ERROR;
				CLANG_WARN_RANGE_LOOP_ANALYSIS = YES;
				CLANG_WARN_STRICT_PROTOTYPES = YES;
				CLANG_WARN_SUSPICIOUS_MOVE = YES;
				CLANG_WARN_UNGUARDED_AVAILABILITY = YES_AGGRESSIVE;
				CLANG_WARN_UNREACHABLE_CODE = YES;
				CLANG_WARN__DUPLICATE_METHOD_MATCH = YES;
				CODE_SIGN_IDENTITY = "iPhone Developer";
				COPY_PHASE_STRIP = NO;
				DEBUG_INFORMATION_FORMAT = dwarf;
				ENABLE_STRICT_OBJC_MSGSEND = YES;
				ENABLE_TESTABILITY = YES;
				GCC_C_LANGUAGE_STANDARD = gnu11;
				GCC_DYNAMIC_NO_PIC = NO;
				GCC_NO_COMMON_BLOCKS = YES;
				GCC_OPTIMIZATION_LEVEL = 0;
				GCC_PREPROCESSOR_DEFINITIONS = (
					"DEBUG=1",
					"$(inherited)",
				);
				GCC_WARN_64_TO_32_BIT_CONVERSION = YES;
				GCC_WARN_ABOUT_RETURN_TYPE = YES_ERROR;
				GCC_WARN_UNDECLARED_SELECTOR = YES;
				GCC_WARN_UNINITIALIZED_AUTOS = YES_AGGRESSIVE;
				GCC_WARN_UNUSED_FUNCTION = YES;
				GCC_WARN_UNUSED_VARIABLE = YES;
				IPHONEOS_DEPLOYMENT_TARGET = 11.2;
				MTL_ENABLE_DEBUG_INFO = YES;
				ONLY_ACTIVE_ARCH = YES;
				SDKROOT = iphoneos;
			};
			name = Debug;
		};
		01F497422022D9DF003982E7 /* Release */ = {
			isa = XCBuildConfiguration;
			buildSettings = {
				ALWAYS_SEARCH_USER_PATHS = NO;
				CLANG_ANALYZER_NONNULL = YES;
				CLANG_ANALYZER_NUMBER_OBJECT_CONVERSION = YES_AGGRESSIVE;
				CLANG_CXX_LANGUAGE_STANDARD = "gnu++14";
				CLANG_CXX_LIBRARY = "libc++";
				CLANG_ENABLE_MODULES = YES;
				CLANG_ENABLE_OBJC_ARC = YES;
				CLANG_WARN_BLOCK_CAPTURE_AUTORELEASING = YES;
				CLANG_WARN_BOOL_CONVERSION = YES;
				CLANG_WARN_COMMA = YES;
				CLANG_WARN_CONSTANT_CONVERSION = YES;
				CLANG_WARN_DIRECT_OBJC_ISA_USAGE = YES_ERROR;
				CLANG_WARN_DOCUMENTATION_COMMENTS = YES;
				CLANG_WARN_EMPTY_BODY = YES;
				CLANG_WARN_ENUM_CONVERSION = YES;
				CLANG_WARN_INFINITE_RECURSION = YES;
				CLANG_WARN_INT_CONVERSION = YES;
				CLANG_WARN_NON_LITERAL_NULL_CONVERSION = YES;
				CLANG_WARN_OBJC_LITERAL_CONVERSION = YES;
				CLANG_WARN_OBJC_ROOT_CLASS = YES_ERROR;
				CLANG_WARN_RANGE_LOOP_ANALYSIS = YES;
				CLANG_WARN_STRICT_PROTOTYPES = YES;
				CLANG_WARN_SUSPICIOUS_MOVE = YES;
				CLANG_WARN_UNGUARDED_AVAILABILITY = YES_AGGRESSIVE;
				CLANG_WARN_UNREACHABLE_CODE = YES;
				CLANG_WARN__DUPLICATE_METHOD_MATCH = YES;
				CODE_SIGN_IDENTITY = "iPhone Developer";
				COPY_PHASE_STRIP = NO;
				DEBUG_INFORMATION_FORMAT = "dwarf-with-dsym";
				ENABLE_NS_ASSERTIONS = NO;
				ENABLE_STRICT_OBJC_MSGSEND = YES;
				GCC_C_LANGUAGE_STANDARD = gnu11;
				GCC_NO_COMMON_BLOCKS = YES;
				GCC_WARN_64_TO_32_BIT_CONVERSION = YES;
				GCC_WARN_ABOUT_RETURN_TYPE = YES_ERROR;
				GCC_WARN_UNDECLARED_SELECTOR = YES;
				GCC_WARN_UNINITIALIZED_AUTOS = YES_AGGRESSIVE;
				GCC_WARN_UNUSED_FUNCTION = YES;
				GCC_WARN_UNUSED_VARIABLE = YES;
				IPHONEOS_DEPLOYMENT_TARGET = 11.2;
				MTL_ENABLE_DEBUG_INFO = NO;
				SDKROOT = iphoneos;
				VALIDATE_PRODUCT = YES;
			};
			name = Release;
		};
		01F497442022D9E0003982E7 /* Debug */ = {
			isa = XCBuildConfiguration;
			buildSettings = {
				ASSETCATALOG_COMPILER_APPICON_NAME = AppIcon;
				CODE_SIGN_STYLE = Automatic;
				INFOPLIST_FILE = MTRouterDemo/Info.plist;
				LD_RUNPATH_SEARCH_PATHS = "$(inherited) @executable_path/Frameworks";
				PRODUCT_BUNDLE_IDENTIFIER = com.gs.MTRouterDemo;
				PRODUCT_NAME = "$(TARGET_NAME)";
				TARGETED_DEVICE_FAMILY = "1,2";
			};
			name = Debug;
		};
		01F497452022D9E0003982E7 /* Release */ = {
			isa = XCBuildConfiguration;
			buildSettings = {
				ASSETCATALOG_COMPILER_APPICON_NAME = AppIcon;
				CODE_SIGN_STYLE = Automatic;
				INFOPLIST_FILE = MTRouterDemo/Info.plist;
				LD_RUNPATH_SEARCH_PATHS = "$(inherited) @executable_path/Frameworks";
				PRODUCT_BUNDLE_IDENTIFIER = com.gs.MTRouterDemo;
				PRODUCT_NAME = "$(TARGET_NAME)";
				TARGETED_DEVICE_FAMILY = "1,2";
			};
			name = Release;
		};
		01F497472022D9E0003982E7 /* Debug */ = {
			isa = XCBuildConfiguration;
			buildSettings = {
				BUNDLE_LOADER = "$(TEST_HOST)";
				CODE_SIGN_STYLE = Automatic;
				INFOPLIST_FILE = MTRouterDemoTests/Info.plist;
				LD_RUNPATH_SEARCH_PATHS = "$(inherited) @executable_path/Frameworks @loader_path/Frameworks";
				PRODUCT_BUNDLE_IDENTIFIER = com.gs.MTRouterDemoTests;
				PRODUCT_NAME = "$(TARGET_NAME)";
				TARGETED_DEVICE_FAMILY = "1,2";
				TEST_HOST = "$(BUILT_PRODUCTS_DIR)/MTRouterDemo.app/MTRouterDemo";
			};
			name = Debug;
		};
		01F497482022D9E0003982E7 /* Release */ = {
			isa = XCBuildConfiguration;
			buildSettings = {
				BUNDLE_LOADER = "$(TEST_HOST)";
				CODE_SIGN_STYLE = Automatic;
				INFOPLIST_FILE = MTRouterDemoTests/Info.plist;
				LD_RUNPATH_SEARCH_PATHS = "$(inherited) @executable_path/Frameworks @loader_path/Frameworks";
				PRODUCT_BUNDLE_IDENTIFIER = com.gs.MTRouterDemoTests;
				PRODUCT_NAME = "$(TARGET_NAME)";
				TARGETED_DEVICE_FAMILY = "1,2";
				TEST_HOST = "$(BUILT_PRODUCTS_DIR)/MTRouterDemo.app/MTRouterDemo";
			};
			name = Release;
		};
		01F4974A2022D9E0003982E7 /* Debug */ = {
			isa = XCBuildConfiguration;
			buildSettings = {
				CODE_SIGN_STYLE = Automatic;
				INFOPLIST_FILE = MTRouterDemoUITests/Info.plist;
				LD_RUNPATH_SEARCH_PATHS = "$(inherited) @executable_path/Frameworks @loader_path/Frameworks";
				PRODUCT_BUNDLE_IDENTIFIER = com.gs.MTRouterDemoUITests;
				PRODUCT_NAME = "$(TARGET_NAME)";
				TARGETED_DEVICE_FAMILY = "1,2";
				TEST_TARGET_NAME = MTRouterDemo;
			};
			name = Debug;
		};
		01F4974B2022D9E0003982E7 /* Release */ = {
			isa = XCBuildConfiguration;
			buildSettings = {
				CODE_SIGN_STYLE = Automatic;
				INFOPLIST_FILE = MTRouterDemoUITests/Info.plist;
				LD_RUNPATH_SEARCH_PATHS = "$(inherited) @executable_path/Frameworks @loader_path/Frameworks";
				PRODUCT_BUNDLE_IDENTIFIER = com.gs.MTRouterDemoUITests;
				PRODUCT_NAME = "$(TARGET_NAME)";
				TARGETED_DEVICE_FAMILY = "1,2";
				TEST_TARGET_NAME = MTRouterDemo;
			};
			name = Release;
		};
/* End XCBuildConfiguration section */

/* Begin XCConfigurationList section */
		01F497122022D9DF003982E7 /* Build configuration list for PBXProject "MTRouterDemo" */ = {
			isa = XCConfigurationList;
			buildConfigurations = (
				01F497412022D9DF003982E7 /* Debug */,
				01F497422022D9DF003982E7 /* Release */,
			);
			defaultConfigurationIsVisible = 0;
			defaultConfigurationName = Release;
		};
		01F497432022D9E0003982E7 /* Build configuration list for PBXNativeTarget "MTRouterDemo" */ = {
			isa = XCConfigurationList;
			buildConfigurations = (
				01F497442022D9E0003982E7 /* Debug */,
				01F497452022D9E0003982E7 /* Release */,
			);
			defaultConfigurationIsVisible = 0;
			defaultConfigurationName = Release;
		};
		01F497462022D9E0003982E7 /* Build configuration list for PBXNativeTarget "MTRouterDemoTests" */ = {
			isa = XCConfigurationList;
			buildConfigurations = (
				01F497472022D9E0003982E7 /* Debug */,
				01F497482022D9E0003982E7 /* Release */,
			);
			defaultConfigurationIsVisible = 0;
			defaultConfigurationName = Release;
		};
		01F497492022D9E0003982E7 /* Build configuration list for PBXNativeTarget "MTRouterDemoUITests" */ = {
			isa = XCConfigurationList;
			buildConfigurations = (
				01F4974A2022D9E0003982E7 /* Debug */,
				01F4974B2022D9E0003982E7 /* Release */,
			);
			defaultConfigurationIsVisible = 0;
			defaultConfigurationName = Release;
		};
/* End XCConfigurationList section */
	};
	rootObject = 01F4970F2022D9DF003982E7 /* Project object */;
}
